// !$*UTF8*$!
{
	archiveVersion = 1;
	classes = {
	};
	objectVersion = 56;
	objects = {

/* Begin PBXBuildFile section */
		484FAE802B7BC6C60016E571 /* main.c in Sources */ = {isa = PBXBuildFile; fileRef = 484FAE7F2B7BC6C60016E571 /* main.c */; };
		484FAE882B7BC6F60016E571 /* utils.c in Sources */ = {isa = PBXBuildFile; fileRef = 484FAE872B7BC6F60016E571 /* utils.c */; };
		484FAE8B2B7BC79F0016E571 /* marks.c in Sources */ = {isa = PBXBuildFile; fileRef = 484FAE8A2B7BC79F0016E571 /* marks.c */; };
		484FAE8E2B7BC8250016E571 /* report.c in Sources */ = {isa = PBXBuildFile; fileRef = 484FAE8D2B7BC8250016E571 /* report.c */; };
/* End PBXBuildFile section */

/* Begin PBXCopyFilesBuildPhase section */
		484FAE7A2B7BC6C60016E571 /* CopyFiles */ = {
			isa = PBXCopyFilesBuildPhase;
			buildActionMask = 2147483647;
			dstPath = /usr/share/man/man1/;
			dstSubfolderSpec = 0;
			files = (
			);
			runOnlyForDeploymentPostprocessing = 1;
		};
/* End PBXCopyFilesBuildPhase section */

/* Begin PBXFileReference section */
		484FAE7C2B7BC6C60016E571 /* DIY */ = {isa = PBXFileReference; explicitFileType = "compiled.mach-o.executable"; includeInIndex = 0; path = DIY; sourceTree = BUILT_PRODUCTS_DIR; };
		484FAE7F2B7BC6C60016E571 /* main.c */ = {isa = PBXFileReference; lastKnownFileType = sourcecode.c.c; path = main.c; sourceTree = "<group>"; };
		484FAE862B7BC6F60016E571 /* utils.h */ = {isa = PBXFileReference; lastKnownFileType = sourcecode.c.h; path = utils.h; sourceTree = "<group>"; };
		484FAE872B7BC6F60016E571 /* utils.c */ = {isa = PBXFileReference; lastKnownFileType = sourcecode.c.c; path = utils.c; sourceTree = "<group>"; };
		484FAE892B7BC79F0016E571 /* marks.h */ = {isa = PBXFileReference; lastKnownFileType = sourcecode.c.h; path = marks.h; sourceTree = "<group>"; };
		484FAE8A2B7BC79F0016E571 /* marks.c */ = {isa = PBXFileReference; lastKnownFileType = sourcecode.c.c; path = marks.c; sourceTree = "<group>"; };
		484FAE8C2B7BC8250016E571 /* report.h */ = {isa = PBXFileReference; lastKnownFileType = sourcecode.c.h; path = report.h; sourceTree = "<group>"; };
		484FAE8D2B7BC8250016E571 /* report.c */ = {isa = PBXFileReference; lastKnownFileType = sourcecode.c.c; path = report.c; sourceTree = "<group>"; };
/* End PBXFileReference section */

/* Begin PBXFrameworksBuildPhase section */
		484FAE792B7BC6C60016E571 /* Frameworks */ = {
			isa = PBXFrameworksBuildPhase;
			buildActionMask = 2147483647;
			files = (
			);
			runOnlyForDeploymentPostprocessing = 0;
		};
/* End PBXFrameworksBuildPhase section */

/* Begin PBXGroup section */
		484FAE732B7BC6C60016E571 = {
			isa = PBXGroup;
			children = (
				484FAE7E2B7BC6C60016E571 /* DIY */,
				484FAE7D2B7BC6C60016E571 /* Products */,
			);
			sourceTree = "<group>";
		};
		484FAE7D2B7BC6C60016E571 /* Products */ = {
			isa = PBXGroup;
			children = (
				484FAE7C2B7BC6C60016E571 /* DIY */,
			);
			name = Products;
			sourceTree = "<group>";
		};
		484FAE7E2B7BC6C60016E571 /* DIY */ = {
			isa = PBXGroup;
			children = (
				484FAE7F2B7BC6C60016E571 /* main.c */,
				484FAE862B7BC6F60016E571 /* utils.h */,
				484FAE872B7BC6F60016E571 /* utils.c */,
				484FAE892B7BC79F0016E571 /* marks.h */,
				484FAE8A2B7BC79F0016E571 /* marks.c */,
				484FAE8C2B7BC8250016E571 /* report.h */,
				484FAE8D2B7BC8250016E571 /* report.c */,
			);
			path = DIY;
			sourceTree = "<group>";
		};
/* End PBXGroup section */

/* Begin PBXNativeTarget section */
		484FAE7B2B7BC6C60016E571 /* DIY */ = {
			isa = PBXNativeTarget;
			buildConfigurationList = 484FAE832B7BC6C60016E571 /* Build configuration list for PBXNativeTarget "DIY" */;
			buildPhases = (
				484FAE782B7BC6C60016E571 /* Sources */,
				484FAE792B7BC6C60016E571 /* Frameworks */,
				484FAE7A2B7BC6C60016E571 /* CopyFiles */,
			);
			buildRules = (
			);
			dependencies = (
			);
			name = DIY;
			productName = DIY;
			productReference = 484FAE7C2B7BC6C60016E571 /* DIY */;
			productType = "com.apple.product-type.tool";
		};
/* End PBXNativeTarget section */

/* Begin PBXProject section */
		484FAE742B7BC6C60016E571 /* Project object */ = {
			isa = PBXProject;
			attributes = {
				BuildIndependentTargetsInParallel = 1;
				LastUpgradeCheck = 1520;
				TargetAttributes = {
					484FAE7B2B7BC6C60016E571 = {
						CreatedOnToolsVersion = 15.2;
					};
				};
			};
			buildConfigurationList = 484FAE772B7BC6C60016E571 /* Build configuration list for PBXProject "DIY" */;
			compatibilityVersion = "Xcode 14.0";
			developmentRegion = en;
			hasScannedForEncodings = 0;
			knownRegions = (
				en,
				Base,
			);
			mainGroup = 484FAE732B7BC6C60016E571;
			productRefGroup = 484FAE7D2B7BC6C60016E571 /* Products */;
			projectDirPath = "";
			projectRoot = "";
			targets = (
				484FAE7B2B7BC6C60016E571 /* DIY */,
			);
		};
/* End PBXProject section */

/* Begin PBXSourcesBuildPhase section */
		484FAE782B7BC6C60016E571 /* Sources */ = {
			isa = PBXSourcesBuildPhase;
			buildActionMask = 2147483647;
			files = (
				484FAE8B2B7BC79F0016E571 /* marks.c in Sources */,
				484FAE8E2B7BC8250016E571 /* report.c in Sources */,
				484FAE802B7BC6C60016E571 /* main.c in Sources */,
				484FAE882B7BC6F60016E571 /* utils.c in Sources */,
			);
			runOnlyForDeploymentPostprocessing = 0;
		};
/* End PBXSourcesBuildPhase section */

/* Begin XCBuildConfiguration section */
		484FAE812B7BC6C60016E571 /* Debug */ = {
			isa = XCBuildConfiguration;
			buildSettings = {
				ALWAYS_SEARCH_USER_PATHS = NO;
				ASSETCATALOG_COMPILER_GENERATE_SWIFT_ASSET_SYMBOL_EXTENSIONS = YES;
				CLANG_ANALYZER_NONNULL = YES;
				CLANG_ANALYZER_NUMBER_OBJECT_CONVERSION = YES_AGGRESSIVE;
				CLANG_CXX_LANGUAGE_STANDARD = "gnu++20";
				CLANG_ENABLE_MODULES = YES;
				CLANG_ENABLE_OBJC_ARC = YES;
				CLANG_ENABLE_OBJC_WEAK = YES;
				CLANG_WARN_BLOCK_CAPTURE_AUTORELEASING = YES;
				CLANG_WARN_BOOL_CONVERSION = YES;
				CLANG_WARN_COMMA = YES;
				CLANG_WARN_CONSTANT_CONVERSION = YES;
				CLANG_WARN_DEPRECATED_OBJC_IMPLEMENTATIONS = YES;
				CLANG_WARN_DIRECT_OBJC_ISA_USAGE = YES_ERROR;
				CLANG_WARN_DOCUMENTATION_COMMENTS = YES;
				CLANG_WARN_EMPTY_BODY = YES;
				CLANG_WARN_ENUM_CONVERSION = YES;
				CLANG_WARN_INFINITE_RECURSION = YES;
				CLANG_WARN_INT_CONVERSION = YES;
				CLANG_WARN_NON_LITERAL_NULL_CONVERSION = YES;
				CLANG_WARN_OBJC_IMPLICIT_RETAIN_SELF = YES;
				CLANG_WARN_OBJC_LITERAL_CONVERSION = YES;
				CLANG_WARN_OBJC_ROOT_CLASS = YES_ERROR;
				CLANG_WARN_QUOTED_INCLUDE_IN_FRAMEWORK_HEADER = YES;
				CLANG_WARN_RANGE_LOOP_ANALYSIS = YES;
				CLANG_WARN_STRICT_PROTOTYPES = YES;
				CLANG_WARN_SUSPICIOUS_MOVE = YES;
				CLANG_WARN_UNGUARDED_AVAILABILITY = YES_AGGRESSIVE;
				CLANG_WARN_UNREACHABLE_CODE = YES;
				CLANG_WARN__DUPLICATE_METHOD_MATCH = YES;
				COPY_PHASE_STRIP = NO;
				DEBUG_INFORMATION_FORMAT = dwarf;
				ENABLE_STRICT_OBJC_MSGSEND = YES;
				ENABLE_TESTABILITY = YES;
				ENABLE_USER_SCRIPT_SANDBOXING = YES;
				GCC_C_LANGUAGE_STANDARD = gnu17;
				GCC_DYNAMIC_NO_PIC = NO;
				GCC_NO_COMMON_BLOCKS = YES;
				GCC_OPTIMIZATION_LEVEL = 0;
				GCC_PREPROCESSOR_DEFINITIONS = (
					"DEBUG=1",
					"$(inherited)",
				);
				GCC_WARN_64_TO_32_BIT_CONVERSION = YES;
				GCC_WARN_ABOUT_RETURN_TYPE = YES_ERROR;
				GCC_WARN_UNDECLARED_SELECTOR = YES;
				GCC_WARN_UNINITIALIZED_AUTOS = YES_AGGRESSIVE;
				GCC_WARN_UNUSED_FUNCTION = YES;
				GCC_WARN_UNUSED_VARIABLE = YES;
				LOCALIZATION_PREFERS_STRING_CATALOGS = YES;
				MACOSX_DEPLOYMENT_TARGET = 13.6;
				MTL_ENABLE_DEBUG_INFO = INCLUDE_SOURCE;
				MTL_FAST_MATH = YES;
				ONLY_ACTIVE_ARCH = YES;
				SDKROOT = macosx;
			};
			name = Debug;
		};
		484FAE822B7BC6C60016E571 /* Release */ = {
			isa = XCBuildConfiguration;
			buildSettings = {
				ALWAYS_SEARCH_USER_PATHS = NO;
				ASSETCATALOG_COMPILER_GENERATE_SWIFT_ASSET_SYMBOL_EXTENSIONS = YES;
				CLANG_ANALYZER_NONNULL = YES;
				CLANG_ANALYZER_NUMBER_OBJECT_CONVERSION = YES_AGGRESSIVE;
				CLANG_CXX_LANGUAGE_STANDARD = "gnu++20";
				CLANG_ENABLE_MODULES = YES;
				CLANG_ENABLE_OBJC_ARC = YES;
				CLANG_ENABLE_OBJC_WEAK = YES;
				CLANG_WARN_BLOCK_CAPTURE_AUTORELEASING = YES;
				CLANG_WARN_BOOL_CONVERSION = YES;
				CLANG_WARN_COMMA = YES;
				CLANG_WARN_CONSTANT_CONVERSION = YES;
				CLANG_WARN_DEPRECATED_OBJC_IMPLEMENTATIONS = YES;
				CLANG_WARN_DIRECT_OBJC_ISA_USAGE = YES_ERROR;
				CLANG_WARN_DOCUMENTATION_COMMENTS = YES;
				CLANG_WARN_EMPTY_BODY = YES;
				CLANG_WARN_ENUM_CONVERSION = YES;
				CLANG_WARN_INFINITE_RECURSION = YES;
				CLANG_WARN_INT_CONVERSION = YES;
				CLANG_WARN_NON_LITERAL_NULL_CONVERSION = YES;
				CLANG_WARN_OBJC_IMPLICIT_RETAIN_SELF = YES;
				CLANG_WARN_OBJC_LITERAL_CONVERSION = YES;
				CLANG_WARN_OBJC_ROOT_CLASS = YES_ERROR;
				CLANG_WARN_QUOTED_INCLUDE_IN_FRAMEWORK_HEADER = YES;
				CLANG_WARN_RANGE_LOOP_ANALYSIS = YES;
				CLANG_WARN_STRICT_PROTOTYPES = YES;
				CLANG_WARN_SUSPICIOUS_MOVE = YES;
				CLANG_WARN_UNGUARDED_AVAILABILITY = YES_AGGRESSIVE;
				CLANG_WARN_UNREACHABLE_CODE = YES;
				CLANG_WARN__DUPLICATE_METHOD_MATCH = YES;
				COPY_PHASE_STRIP = NO;
				DEBUG_INFORMATION_FORMAT = "dwarf-with-dsym";
				ENABLE_NS_ASSERTIONS = NO;
				ENABLE_STRICT_OBJC_MSGSEND = YES;
				ENABLE_USER_SCRIPT_SANDBOXING = YES;
				GCC_C_LANGUAGE_STANDARD = gnu17;
				GCC_NO_COMMON_BLOCKS = YES;
				GCC_WARN_64_TO_32_BIT_CONVERSION = YES;
				GCC_WARN_ABOUT_RETURN_TYPE = YES_ERROR;
				GCC_WARN_UNDECLARED_SELECTOR = YES;
				GCC_WARN_UNINITIALIZED_AUTOS = YES_AGGRESSIVE;
				GCC_WARN_UNUSED_FUNCTION = YES;
				GCC_WARN_UNUSED_VARIABLE = YES;
				LOCALIZATION_PREFERS_STRING_CATALOGS = YES;
				MACOSX_DEPLOYMENT_TARGET = 13.6;
				MTL_ENABLE_DEBUG_INFO = NO;
				MTL_FAST_MATH = YES;
				SDKROOT = macosx;
			};
			name = Release;
		};
		484FAE842B7BC6C60016E571 /* Debug */ = {
			isa = XCBuildConfiguration;
			buildSettings = {
				CODE_SIGN_STYLE = Automatic;
				PRODUCT_NAME = "$(TARGET_NAME)";
			};
			name = Debug;
		};
		484FAE852B7BC6C60016E571 /* Release */ = {
			isa = XCBuildConfiguration;
			buildSettings = {
				CODE_SIGN_STYLE = Automatic;
				PRODUCT_NAME = "$(TARGET_NAME)";
			};
			name = Release;
		};
/* End XCBuildConfiguration section */

/* Begin XCConfigurationList section */
		484FAE772B7BC6C60016E571 /* Build configuration list for PBXProject "DIY" */ = {
			isa = XCConfigurationList;
			buildConfigurations = (
				484FAE812B7BC6C60016E571 /* Debug */,
				484FAE822B7BC6C60016E571 /* Release */,
			);
			defaultConfigurationIsVisible = 0;
			defaultConfigurationName = Release;
		};
		484FAE832B7BC6C60016E571 /* Build configuration list for PBXNativeTarget "DIY" */ = {
			isa = XCConfigurationList;
			buildConfigurations = (
				484FAE842B7BC6C60016E571 /* Debug */,
				484FAE852B7BC6C60016E571 /* Release */,
			);
			defaultConfigurationIsVisible = 0;
			defaultConfigurationName = Release;
		};
/* End XCConfigurationList section */
	};
	rootObject = 484FAE742B7BC6C60016E571 /* Project object */;
}
