// !$*UTF8*$!
{
	archiveVersion = 1;
	classes = {
	};
	objectVersion = 56;
	objects = {

/* Begin PBXBuildFile section */
		483BF7872BB3104B00ADD02B /* main.c in Sources */ = {isa = PBXBuildFile; fileRef = 483BF7862BB3104B00ADD02B /* main.c */; };
		48878F0C2BB4D57A00C3EA2C /* PosUI.c in Sources */ = {isa = PBXBuildFile; fileRef = 48878F032BB4D57A00C3EA2C /* PosUI.c */; };
		48878F0D2BB4D57A00C3EA2C /* PosApp.c in Sources */ = {isa = PBXBuildFile; fileRef = 48878F052BB4D57A00C3EA2C /* PosApp.c */; };
		48878F0E2BB4D57A00C3EA2C /* utils.c in Sources */ = {isa = PBXBuildFile; fileRef = 48878F092BB4D57A00C3EA2C /* utils.c */; };
		48878F0F2BB4D57A00C3EA2C /* main.c in Sources */ = {isa = PBXBuildFile; fileRef = 48878F0B2BB4D57A00C3EA2C /* main.c */; };
/* End PBXBuildFile section */

/* Begin PBXCopyFilesBuildPhase section */
		483BF7812BB3104B00ADD02B /* CopyFiles */ = {
			isa = PBXCopyFilesBuildPhase;
			buildActionMask = 2147483647;
			dstPath = /usr/share/man/man1/;
			dstSubfolderSpec = 0;
			files = (
			);
			runOnlyForDeploymentPostprocessing = 1;
		};
/* End PBXCopyFilesBuildPhase section */

/* Begin PBXFileReference section */
		482BEB562BBA49D70012FE07 /* my_output.txt */ = {isa = PBXFileReference; lastKnownFileType = text; path = my_output.txt; sourceTree = "<group>"; };
		483BF7832BB3104B00ADD02B /* MS1 */ = {isa = PBXFileReference; explicitFileType = "compiled.mach-o.executable"; includeInIndex = 0; path = MS1; sourceTree = BUILT_PRODUCTS_DIR; };
		483BF7862BB3104B00ADD02B /* main.c */ = {isa = PBXFileReference; lastKnownFileType = sourcecode.c.c; path = main.c; sourceTree = "<group>"; };
		48878F032BB4D57A00C3EA2C /* PosUI.c */ = {isa = PBXFileReference; fileEncoding = 4; lastKnownFileType = sourcecode.c.c; path = PosUI.c; sourceTree = "<group>"; };
		48878F042BB4D57A00C3EA2C /* POS.h */ = {isa = PBXFileReference; fileEncoding = 4; lastKnownFileType = sourcecode.c.h; path = POS.h; sourceTree = "<group>"; };
		48878F052BB4D57A00C3EA2C /* PosApp.c */ = {isa = PBXFileReference; fileEncoding = 4; lastKnownFileType = sourcecode.c.c; path = PosApp.c; sourceTree = "<group>"; };
		48878F062BB4D57A00C3EA2C /* PosUI.h */ = {isa = PBXFileReference; fileEncoding = 4; lastKnownFileType = sourcecode.c.h; path = PosUI.h; sourceTree = "<group>"; };
		48878F072BB4D57A00C3EA2C /* utils.h */ = {isa = PBXFileReference; fileEncoding = 4; lastKnownFileType = sourcecode.c.h; path = utils.h; sourceTree = "<group>"; };
		48878F092BB4D57A00C3EA2C /* utils.c */ = {isa = PBXFileReference; fileEncoding = 4; lastKnownFileType = sourcecode.c.c; path = utils.c; sourceTree = "<group>"; };
		48878F0A2BB4D57A00C3EA2C /* PosApp.h */ = {isa = PBXFileReference; fileEncoding = 4; lastKnownFileType = sourcecode.c.h; path = PosApp.h; sourceTree = "<group>"; };
		48878F0B2BB4D57A00C3EA2C /* main.c */ = {isa = PBXFileReference; fileEncoding = 4; lastKnownFileType = sourcecode.c.c; path = main.c; sourceTree = "<group>"; };
		48878F102BB4D71700C3EA2C /* correct_output.txt */ = {isa = PBXFileReference; lastKnownFileType = text; path = correct_output.txt; sourceTree = "<group>"; };
		48C1C9C62BBCE26200F521A9 /* reflect.txt */ = {isa = PBXFileReference; lastKnownFileType = text; path = reflect.txt; sourceTree = "<group>"; };
/* End PBXFileReference section */

/* Begin PBXFrameworksBuildPhase section */
		483BF7802BB3104B00ADD02B /* Frameworks */ = {
			isa = PBXFrameworksBuildPhase;
			buildActionMask = 2147483647;
			files = (
			);
			runOnlyForDeploymentPostprocessing = 0;
		};
/* End PBXFrameworksBuildPhase section */

/* Begin PBXGroup section */
		483BF77A2BB3104B00ADD02B = {
			isa = PBXGroup;
			children = (
				483BF7852BB3104B00ADD02B /* MS1 */,
				483BF7842BB3104B00ADD02B /* Products */,
			);
			sourceTree = "<group>";
		};
		483BF7842BB3104B00ADD02B /* Products */ = {
			isa = PBXGroup;
			children = (
				483BF7832BB3104B00ADD02B /* MS1 */,
			);
			name = Products;
			sourceTree = "<group>";
		};
		483BF7852BB3104B00ADD02B /* MS1 */ = {
			isa = PBXGroup;
			children = (
				48878F0B2BB4D57A00C3EA2C /* main.c */,
				48878F102BB4D71700C3EA2C /* correct_output.txt */,
				48878F042BB4D57A00C3EA2C /* POS.h */,
				48878F052BB4D57A00C3EA2C /* PosApp.c */,
				48878F0A2BB4D57A00C3EA2C /* PosApp.h */,
				48878F032BB4D57A00C3EA2C /* PosUI.c */,
				48878F062BB4D57A00C3EA2C /* PosUI.h */,
				48878F092BB4D57A00C3EA2C /* utils.c */,
				48878F072BB4D57A00C3EA2C /* utils.h */,
				483BF7862BB3104B00ADD02B /* main.c */,
				482BEB562BBA49D70012FE07 /* my_output.txt */,
				48C1C9C62BBCE26200F521A9 /* reflect.txt */,
			);
			path = MS1;
			sourceTree = "<group>";
		};
/* End PBXGroup section */

/* Begin PBXNativeTarget section */
		483BF7822BB3104B00ADD02B /* MS1 */ = {
			isa = PBXNativeTarget;
			buildConfigurationList = 483BF78A2BB3104B00ADD02B /* Build configuration list for PBXNativeTarget "MS1" */;
			buildPhases = (
				483BF77F2BB3104B00ADD02B /* Sources */,
				483BF7802BB3104B00ADD02B /* Frameworks */,
				483BF7812BB3104B00ADD02B /* CopyFiles */,
			);
			buildRules = (
			);
			dependencies = (
			);
			name = MS1;
			productName = MS1;
			productReference = 483BF7832BB3104B00ADD02B /* MS1 */;
			productType = "com.apple.product-type.tool";
		};
/* End PBXNativeTarget section */

/* Begin PBXProject section */
		483BF77B2BB3104B00ADD02B /* Project object */ = {
			isa = PBXProject;
			attributes = {
				BuildIndependentTargetsInParallel = 1;
				LastUpgradeCheck = 1520;
				TargetAttributes = {
					483BF7822BB3104B00ADD02B = {
						CreatedOnToolsVersion = 15.2;
					};
				};
			};
			buildConfigurationList = 483BF77E2BB3104B00ADD02B /* Build configuration list for PBXProject "MS1" */;
			compatibilityVersion = "Xcode 14.0";
			developmentRegion = en;
			hasScannedForEncodings = 0;
			knownRegions = (
				en,
				Base,
			);
			mainGroup = 483BF77A2BB3104B00ADD02B;
			productRefGroup = 483BF7842BB3104B00ADD02B /* Products */;
			projectDirPath = "";
			projectRoot = "";
			targets = (
				483BF7822BB3104B00ADD02B /* MS1 */,
			);
		};
/* End PBXProject section */

/* Begin PBXSourcesBuildPhase section */
		483BF77F2BB3104B00ADD02B /* Sources */ = {
			isa = PBXSourcesBuildPhase;
			buildActionMask = 2147483647;
			files = (
				48878F0F2BB4D57A00C3EA2C /* main.c in Sources */,
				48878F0D2BB4D57A00C3EA2C /* PosApp.c in Sources */,
				48878F0E2BB4D57A00C3EA2C /* utils.c in Sources */,
				48878F0C2BB4D57A00C3EA2C /* PosUI.c in Sources */,
				483BF7872BB3104B00ADD02B /* main.c in Sources */,
			);
			runOnlyForDeploymentPostprocessing = 0;
		};
/* End PBXSourcesBuildPhase section */

/* Begin XCBuildConfiguration section */
		483BF7882BB3104B00ADD02B /* Debug */ = {
			isa = XCBuildConfiguration;
			buildSettings = {
				ALWAYS_SEARCH_USER_PATHS = NO;
				ASSETCATALOG_COMPILER_GENERATE_SWIFT_ASSET_SYMBOL_EXTENSIONS = YES;
				CLANG_ANALYZER_NONNULL = YES;
				CLANG_ANALYZER_NUMBER_OBJECT_CONVERSION = YES_AGGRESSIVE;
				CLANG_CXX_LANGUAGE_STANDARD = "gnu++20";
				CLANG_ENABLE_MODULES = YES;
				CLANG_ENABLE_OBJC_ARC = YES;
				CLANG_ENABLE_OBJC_WEAK = YES;
				CLANG_WARN_BLOCK_CAPTURE_AUTORELEASING = YES;
				CLANG_WARN_BOOL_CONVERSION = YES;
				CLANG_WARN_COMMA = YES;
				CLANG_WARN_CONSTANT_CONVERSION = YES;
				CLANG_WARN_DEPRECATED_OBJC_IMPLEMENTATIONS = YES;
				CLANG_WARN_DIRECT_OBJC_ISA_USAGE = YES_ERROR;
				CLANG_WARN_DOCUMENTATION_COMMENTS = YES;
				CLANG_WARN_EMPTY_BODY = YES;
				CLANG_WARN_ENUM_CONVERSION = YES;
				CLANG_WARN_INFINITE_RECURSION = YES;
				CLANG_WARN_INT_CONVERSION = YES;
				CLANG_WARN_NON_LITERAL_NULL_CONVERSION = YES;
				CLANG_WARN_OBJC_IMPLICIT_RETAIN_SELF = YES;
				CLANG_WARN_OBJC_LITERAL_CONVERSION = YES;
				CLANG_WARN_OBJC_ROOT_CLASS = YES_ERROR;
				CLANG_WARN_QUOTED_INCLUDE_IN_FRAMEWORK_HEADER = YES;
				CLANG_WARN_RANGE_LOOP_ANALYSIS = YES;
				CLANG_WARN_STRICT_PROTOTYPES = YES;
				CLANG_WARN_SUSPICIOUS_MOVE = YES;
				CLANG_WARN_UNGUARDED_AVAILABILITY = YES_AGGRESSIVE;
				CLANG_WARN_UNREACHABLE_CODE = YES;
				CLANG_WARN__DUPLICATE_METHOD_MATCH = YES;
				COPY_PHASE_STRIP = NO;
				DEBUG_INFORMATION_FORMAT = dwarf;
				ENABLE_STRICT_OBJC_MSGSEND = YES;
				ENABLE_TESTABILITY = YES;
				ENABLE_USER_SCRIPT_SANDBOXING = YES;
				GCC_C_LANGUAGE_STANDARD = gnu17;
				GCC_DYNAMIC_NO_PIC = NO;
				GCC_NO_COMMON_BLOCKS = YES;
				GCC_OPTIMIZATION_LEVEL = 0;
				GCC_PREPROCESSOR_DEFINITIONS = (
					"DEBUG=1",
					"$(inherited)",
				);
				GCC_WARN_64_TO_32_BIT_CONVERSION = YES;
				GCC_WARN_ABOUT_RETURN_TYPE = YES_ERROR;
				GCC_WARN_UNDECLARED_SELECTOR = YES;
				GCC_WARN_UNINITIALIZED_AUTOS = YES_AGGRESSIVE;
				GCC_WARN_UNUSED_FUNCTION = YES;
				GCC_WARN_UNUSED_VARIABLE = YES;
				LOCALIZATION_PREFERS_STRING_CATALOGS = YES;
				MACOSX_DEPLOYMENT_TARGET = 13.6;
				MTL_ENABLE_DEBUG_INFO = INCLUDE_SOURCE;
				MTL_FAST_MATH = YES;
				ONLY_ACTIVE_ARCH = YES;
				SDKROOT = macosx;
			};
			name = Debug;
		};
		483BF7892BB3104B00ADD02B /* Release */ = {
			isa = XCBuildConfiguration;
			buildSettings = {
				ALWAYS_SEARCH_USER_PATHS = NO;
				ASSETCATALOG_COMPILER_GENERATE_SWIFT_ASSET_SYMBOL_EXTENSIONS = YES;
				CLANG_ANALYZER_NONNULL = YES;
				CLANG_ANALYZER_NUMBER_OBJECT_CONVERSION = YES_AGGRESSIVE;
				CLANG_CXX_LANGUAGE_STANDARD = "gnu++20";
				CLANG_ENABLE_MODULES = YES;
				CLANG_ENABLE_OBJC_ARC = YES;
				CLANG_ENABLE_OBJC_WEAK = YES;
				CLANG_WARN_BLOCK_CAPTURE_AUTORELEASING = YES;
				CLANG_WARN_BOOL_CONVERSION = YES;
				CLANG_WARN_COMMA = YES;
				CLANG_WARN_CONSTANT_CONVERSION = YES;
				CLANG_WARN_DEPRECATED_OBJC_IMPLEMENTATIONS = YES;
				CLANG_WARN_DIRECT_OBJC_ISA_USAGE = YES_ERROR;
				CLANG_WARN_DOCUMENTATION_COMMENTS = YES;
				CLANG_WARN_EMPTY_BODY = YES;
				CLANG_WARN_ENUM_CONVERSION = YES;
				CLANG_WARN_INFINITE_RECURSION = YES;
				CLANG_WARN_INT_CONVERSION = YES;
				CLANG_WARN_NON_LITERAL_NULL_CONVERSION = YES;
				CLANG_WARN_OBJC_IMPLICIT_RETAIN_SELF = YES;
				CLANG_WARN_OBJC_LITERAL_CONVERSION = YES;
				CLANG_WARN_OBJC_ROOT_CLASS = YES_ERROR;
				CLANG_WARN_QUOTED_INCLUDE_IN_FRAMEWORK_HEADER = YES;
				CLANG_WARN_RANGE_LOOP_ANALYSIS = YES;
				CLANG_WARN_STRICT_PROTOTYPES = YES;
				CLANG_WARN_SUSPICIOUS_MOVE = YES;
				CLANG_WARN_UNGUARDED_AVAILABILITY = YES_AGGRESSIVE;
				CLANG_WARN_UNREACHABLE_CODE = YES;
				CLANG_WARN__DUPLICATE_METHOD_MATCH = YES;
				COPY_PHASE_STRIP = NO;
				DEBUG_INFORMATION_FORMAT = "dwarf-with-dsym";
				ENABLE_NS_ASSERTIONS = NO;
				ENABLE_STRICT_OBJC_MSGSEND = YES;
				ENABLE_USER_SCRIPT_SANDBOXING = YES;
				GCC_C_LANGUAGE_STANDARD = gnu17;
				GCC_NO_COMMON_BLOCKS = YES;
				GCC_WARN_64_TO_32_BIT_CONVERSION = YES;
				GCC_WARN_ABOUT_RETURN_TYPE = YES_ERROR;
				GCC_WARN_UNDECLARED_SELECTOR = YES;
				GCC_WARN_UNINITIALIZED_AUTOS = YES_AGGRESSIVE;
				GCC_WARN_UNUSED_FUNCTION = YES;
				GCC_WARN_UNUSED_VARIABLE = YES;
				LOCALIZATION_PREFERS_STRING_CATALOGS = YES;
				MACOSX_DEPLOYMENT_TARGET = 13.6;
				MTL_ENABLE_DEBUG_INFO = NO;
				MTL_FAST_MATH = YES;
				SDKROOT = macosx;
			};
			name = Release;
		};
		483BF78B2BB3104B00ADD02B /* Debug */ = {
			isa = XCBuildConfiguration;
			buildSettings = {
				CODE_SIGN_STYLE = Automatic;
				PRODUCT_NAME = "$(TARGET_NAME)";
			};
			name = Debug;
		};
		483BF78C2BB3104B00ADD02B /* Release */ = {
			isa = XCBuildConfiguration;
			buildSettings = {
				CODE_SIGN_STYLE = Automatic;
				PRODUCT_NAME = "$(TARGET_NAME)";
			};
			name = Release;
		};
/* End XCBuildConfiguration section */

/* Begin XCConfigurationList section */
		483BF77E2BB3104B00ADD02B /* Build configuration list for PBXProject "MS1" */ = {
			isa = XCConfigurationList;
			buildConfigurations = (
				483BF7882BB3104B00ADD02B /* Debug */,
				483BF7892BB3104B00ADD02B /* Release */,
			);
			defaultConfigurationIsVisible = 0;
			defaultConfigurationName = Release;
		};
		483BF78A2BB3104B00ADD02B /* Build configuration list for PBXNativeTarget "MS1" */ = {
			isa = XCConfigurationList;
			buildConfigurations = (
				483BF78B2BB3104B00ADD02B /* Debug */,
				483BF78C2BB3104B00ADD02B /* Release */,
			);
			defaultConfigurationIsVisible = 0;
			defaultConfigurationName = Release;
		};
/* End XCConfigurationList section */
	};
	rootObject = 483BF77B2BB3104B00ADD02B /* Project object */;
}
