// !$*UTF8*$!
{
	archiveVersion = 1;
	classes = {
	};
	objectVersion = 56;
	objects = {

/* Begin PBXBuildFile section */
		482BEB622BBA4F1D0012FE07 /* main35.c in Sources */ = {isa = PBXBuildFile; fileRef = 48878F4C2BB4FBA900C3EA2C /* main35.c */; };
		48878F6E2BB4FFD900C3EA2C /* PosUI.c in Sources */ = {isa = PBXBuildFile; fileRef = 48878F642BB4FFD900C3EA2C /* PosUI.c */; };
		48878F702BB4FFD900C3EA2C /* PosApp.c in Sources */ = {isa = PBXBuildFile; fileRef = 48878F6C2BB4FFD900C3EA2C /* PosApp.c */; };
		48878F712BB4FFD900C3EA2C /* utils.c in Sources */ = {isa = PBXBuildFile; fileRef = 48878F6D2BB4FFD900C3EA2C /* utils.c */; };
/* End PBXBuildFile section */

/* Begin PBXCopyFilesBuildPhase section */
		4829505A2BB310790064174E /* CopyFiles */ = {
			isa = PBXCopyFilesBuildPhase;
			buildActionMask = 2147483647;
			dstPath = /usr/share/man/man1/;
			dstSubfolderSpec = 0;
			files = (
			);
			runOnlyForDeploymentPostprocessing = 1;
		};
/* End PBXCopyFilesBuildPhase section */

/* Begin PBXFileReference section */
		4829505C2BB310790064174E /* MS3 */ = {isa = PBXFileReference; explicitFileType = "compiled.mach-o.executable"; includeInIndex = 0; path = MS3; sourceTree = BUILT_PRODUCTS_DIR; };
		482BEB592BBA4C170012FE07 /* my_output_31.txt */ = {isa = PBXFileReference; lastKnownFileType = text; path = my_output_31.txt; sourceTree = "<group>"; };
		482BEB5A2BBA4C910012FE07 /* my_output_34.txt */ = {isa = PBXFileReference; lastKnownFileType = text; path = my_output_34.txt; sourceTree = "<group>"; };
		482BEB5B2BBA4C910012FE07 /* my_output_35.txt */ = {isa = PBXFileReference; lastKnownFileType = text; path = my_output_35.txt; sourceTree = "<group>"; };
		482BEB5C2BBA4C910012FE07 /* my_output_32.txt */ = {isa = PBXFileReference; lastKnownFileType = text; path = my_output_32.txt; sourceTree = "<group>"; };
		482BEB5D2BBA4C910012FE07 /* my_output_33.txt */ = {isa = PBXFileReference; lastKnownFileType = text; path = my_output_33.txt; sourceTree = "<group>"; };
		486C9E342BC5005D000158F9 /* reflect_31.txt */ = {isa = PBXFileReference; lastKnownFileType = text; path = reflect_31.txt; sourceTree = "<group>"; };
		486C9E352BC50088000158F9 /* reflect_32.txt */ = {isa = PBXFileReference; lastKnownFileType = text; path = reflect_32.txt; sourceTree = "<group>"; };
		486C9E362BC50088000158F9 /* reflect_35.txt */ = {isa = PBXFileReference; lastKnownFileType = text; path = reflect_35.txt; sourceTree = "<group>"; };
		486C9E372BC50088000158F9 /* reflect_33.txt */ = {isa = PBXFileReference; lastKnownFileType = text; path = reflect_33.txt; sourceTree = "<group>"; };
		486C9E382BC50088000158F9 /* reflect_34.txt */ = {isa = PBXFileReference; lastKnownFileType = text; path = reflect_34.txt; sourceTree = "<group>"; };
		48878F4A2BB4FBA900C3EA2C /* main31.c */ = {isa = PBXFileReference; fileEncoding = 4; lastKnownFileType = sourcecode.c.c; path = main31.c; sourceTree = "<group>"; };
		48878F4B2BB4FBA900C3EA2C /* main33.c */ = {isa = PBXFileReference; fileEncoding = 4; lastKnownFileType = sourcecode.c.c; path = main33.c; sourceTree = "<group>"; };
		48878F4C2BB4FBA900C3EA2C /* main35.c */ = {isa = PBXFileReference; fileEncoding = 4; lastKnownFileType = sourcecode.c.c; path = main35.c; sourceTree = "<group>"; };
		48878F4D2BB4FBA900C3EA2C /* main34.c */ = {isa = PBXFileReference; fileEncoding = 4; lastKnownFileType = sourcecode.c.c; path = main34.c; sourceTree = "<group>"; };
		48878F4E2BB4FBA900C3EA2C /* main32.c */ = {isa = PBXFileReference; fileEncoding = 4; lastKnownFileType = sourcecode.c.c; path = main32.c; sourceTree = "<group>"; };
		48878F5E2BB4FBC000C3EA2C /* correct_output_34.txt */ = {isa = PBXFileReference; lastKnownFileType = text; path = correct_output_34.txt; sourceTree = "<group>"; };
		48878F5F2BB4FBC000C3EA2C /* correct_output_35.txt */ = {isa = PBXFileReference; lastKnownFileType = text; path = correct_output_35.txt; sourceTree = "<group>"; };
		48878F602BB4FBC000C3EA2C /* correct_output_33.txt */ = {isa = PBXFileReference; lastKnownFileType = text; path = correct_output_33.txt; sourceTree = "<group>"; };
		48878F612BB4FBC000C3EA2C /* correct_output_32.txt */ = {isa = PBXFileReference; lastKnownFileType = text; path = correct_output_32.txt; sourceTree = "<group>"; };
		48878F622BB4FBC000C3EA2C /* correct_output_31.txt */ = {isa = PBXFileReference; lastKnownFileType = text; path = correct_output_31.txt; sourceTree = "<group>"; };
		48878F642BB4FFD900C3EA2C /* PosUI.c */ = {isa = PBXFileReference; fileEncoding = 4; lastKnownFileType = sourcecode.c.c; path = PosUI.c; sourceTree = "<group>"; };
		48878F652BB4FFD900C3EA2C /* posdata.csv */ = {isa = PBXFileReference; fileEncoding = 4; lastKnownFileType = text; path = posdata.csv; sourceTree = "<group>"; };
		48878F662BB4FFD900C3EA2C /* POS.h */ = {isa = PBXFileReference; fileEncoding = 4; lastKnownFileType = sourcecode.c.h; path = POS.h; sourceTree = "<group>"; };
		48878F672BB4FFD900C3EA2C /* PosApp.h */ = {isa = PBXFileReference; fileEncoding = 4; lastKnownFileType = sourcecode.c.h; path = PosApp.h; sourceTree = "<group>"; };
		48878F682BB4FFD900C3EA2C /* PosUI.h */ = {isa = PBXFileReference; fileEncoding = 4; lastKnownFileType = sourcecode.c.h; path = PosUI.h; sourceTree = "<group>"; };
		48878F6A2BB4FFD900C3EA2C /* utils.h */ = {isa = PBXFileReference; fileEncoding = 4; lastKnownFileType = sourcecode.c.h; path = utils.h; sourceTree = "<group>"; };
		48878F6B2BB4FFD900C3EA2C /* posdataOrigin.csv */ = {isa = PBXFileReference; fileEncoding = 4; lastKnownFileType = text; path = posdataOrigin.csv; sourceTree = "<group>"; };
		48878F6C2BB4FFD900C3EA2C /* PosApp.c */ = {isa = PBXFileReference; fileEncoding = 4; lastKnownFileType = sourcecode.c.c; path = PosApp.c; sourceTree = "<group>"; };
		48878F6D2BB4FFD900C3EA2C /* utils.c */ = {isa = PBXFileReference; fileEncoding = 4; lastKnownFileType = sourcecode.c.c; path = utils.c; sourceTree = "<group>"; };
/* End PBXFileReference section */

/* Begin PBXFrameworksBuildPhase section */
		482950592BB310790064174E /* Frameworks */ = {
			isa = PBXFrameworksBuildPhase;
			buildActionMask = 2147483647;
			files = (
			);
			runOnlyForDeploymentPostprocessing = 0;
		};
/* End PBXFrameworksBuildPhase section */

/* Begin PBXGroup section */
		482950532BB310790064174E = {
			isa = PBXGroup;
			children = (
				4829505E2BB310790064174E /* MS3 */,
				4829505D2BB310790064174E /* Products */,
			);
			sourceTree = "<group>";
		};
		4829505D2BB310790064174E /* Products */ = {
			isa = PBXGroup;
			children = (
				4829505C2BB310790064174E /* MS3 */,
			);
			name = Products;
			sourceTree = "<group>";
		};
		4829505E2BB310790064174E /* MS3 */ = {
			isa = PBXGroup;
			children = (
				48878F6C2BB4FFD900C3EA2C /* PosApp.c */,
				48878F642BB4FFD900C3EA2C /* PosUI.c */,
				48878F6D2BB4FFD900C3EA2C /* utils.c */,
				48878F652BB4FFD900C3EA2C /* posdata.csv */,
				48878F6B2BB4FFD900C3EA2C /* posdataOrigin.csv */,
				48878F662BB4FFD900C3EA2C /* POS.h */,
				48878F672BB4FFD900C3EA2C /* PosApp.h */,
				48878F682BB4FFD900C3EA2C /* PosUI.h */,
				48878F6A2BB4FFD900C3EA2C /* utils.h */,
				48878F492BB4FB5200C3EA2C /* correct_output */,
				482BEB582BBA4BDD0012FE07 /* my_output */,
				486C9E332BC50039000158F9 /* reflect */,
				48878F482BB4FB3B00C3EA2C /* test_main */,
			);
			path = MS3;
			sourceTree = "<group>";
		};
		482BEB582BBA4BDD0012FE07 /* my_output */ = {
			isa = PBXGroup;
			children = (
				482BEB592BBA4C170012FE07 /* my_output_31.txt */,
				482BEB5C2BBA4C910012FE07 /* my_output_32.txt */,
				482BEB5D2BBA4C910012FE07 /* my_output_33.txt */,
				482BEB5A2BBA4C910012FE07 /* my_output_34.txt */,
				482BEB5B2BBA4C910012FE07 /* my_output_35.txt */,
			);
			path = my_output;
			sourceTree = "<group>";
		};
		486C9E332BC50039000158F9 /* reflect */ = {
			isa = PBXGroup;
			children = (
				486C9E342BC5005D000158F9 /* reflect_31.txt */,
				486C9E352BC50088000158F9 /* reflect_32.txt */,
				486C9E372BC50088000158F9 /* reflect_33.txt */,
				486C9E382BC50088000158F9 /* reflect_34.txt */,
				486C9E362BC50088000158F9 /* reflect_35.txt */,
			);
			path = reflect;
			sourceTree = "<group>";
		};
		48878F482BB4FB3B00C3EA2C /* test_main */ = {
			isa = PBXGroup;
			children = (
				48878F4A2BB4FBA900C3EA2C /* main31.c */,
				48878F4E2BB4FBA900C3EA2C /* main32.c */,
				48878F4B2BB4FBA900C3EA2C /* main33.c */,
				48878F4D2BB4FBA900C3EA2C /* main34.c */,
				48878F4C2BB4FBA900C3EA2C /* main35.c */,
			);
			path = test_main;
			sourceTree = "<group>";
		};
		48878F492BB4FB5200C3EA2C /* correct_output */ = {
			isa = PBXGroup;
			children = (
				48878F622BB4FBC000C3EA2C /* correct_output_31.txt */,
				48878F612BB4FBC000C3EA2C /* correct_output_32.txt */,
				48878F602BB4FBC000C3EA2C /* correct_output_33.txt */,
				48878F5E2BB4FBC000C3EA2C /* correct_output_34.txt */,
				48878F5F2BB4FBC000C3EA2C /* correct_output_35.txt */,
			);
			path = correct_output;
			sourceTree = "<group>";
		};
/* End PBXGroup section */

/* Begin PBXNativeTarget section */
		4829505B2BB310790064174E /* MS3 */ = {
			isa = PBXNativeTarget;
			buildConfigurationList = 482950632BB310790064174E /* Build configuration list for PBXNativeTarget "MS3" */;
			buildPhases = (
				482950582BB310790064174E /* Sources */,
				482950592BB310790064174E /* Frameworks */,
				4829505A2BB310790064174E /* CopyFiles */,
			);
			buildRules = (
			);
			dependencies = (
			);
			name = MS3;
			productName = MS3;
			productReference = 4829505C2BB310790064174E /* MS3 */;
			productType = "com.apple.product-type.tool";
		};
/* End PBXNativeTarget section */

/* Begin PBXProject section */
		482950542BB310790064174E /* Project object */ = {
			isa = PBXProject;
			attributes = {
				BuildIndependentTargetsInParallel = 1;
				LastUpgradeCheck = 1520;
				TargetAttributes = {
					4829505B2BB310790064174E = {
						CreatedOnToolsVersion = 15.2;
					};
				};
			};
			buildConfigurationList = 482950572BB310790064174E /* Build configuration list for PBXProject "MS3" */;
			compatibilityVersion = "Xcode 14.0";
			developmentRegion = en;
			hasScannedForEncodings = 0;
			knownRegions = (
				en,
				Base,
			);
			mainGroup = 482950532BB310790064174E;
			productRefGroup = 4829505D2BB310790064174E /* Products */;
			projectDirPath = "";
			projectRoot = "";
			targets = (
				4829505B2BB310790064174E /* MS3 */,
			);
		};
/* End PBXProject section */

/* Begin PBXSourcesBuildPhase section */
		482950582BB310790064174E /* Sources */ = {
			isa = PBXSourcesBuildPhase;
			buildActionMask = 2147483647;
			files = (
				482BEB622BBA4F1D0012FE07 /* main35.c in Sources */,
				48878F712BB4FFD900C3EA2C /* utils.c in Sources */,
				48878F702BB4FFD900C3EA2C /* PosApp.c in Sources */,
				48878F6E2BB4FFD900C3EA2C /* PosUI.c in Sources */,
			);
			runOnlyForDeploymentPostprocessing = 0;
		};
/* End PBXSourcesBuildPhase section */

/* Begin XCBuildConfiguration section */
		482950612BB310790064174E /* Debug */ = {
			isa = XCBuildConfiguration;
			buildSettings = {
				ALWAYS_SEARCH_USER_PATHS = NO;
				ASSETCATALOG_COMPILER_GENERATE_SWIFT_ASSET_SYMBOL_EXTENSIONS = YES;
				CLANG_ANALYZER_NONNULL = YES;
				CLANG_ANALYZER_NUMBER_OBJECT_CONVERSION = YES_AGGRESSIVE;
				CLANG_CXX_LANGUAGE_STANDARD = "gnu++20";
				CLANG_ENABLE_MODULES = YES;
				CLANG_ENABLE_OBJC_ARC = YES;
				CLANG_ENABLE_OBJC_WEAK = YES;
				CLANG_WARN_BLOCK_CAPTURE_AUTORELEASING = YES;
				CLANG_WARN_BOOL_CONVERSION = YES;
				CLANG_WARN_COMMA = YES;
				CLANG_WARN_CONSTANT_CONVERSION = YES;
				CLANG_WARN_DEPRECATED_OBJC_IMPLEMENTATIONS = YES;
				CLANG_WARN_DIRECT_OBJC_ISA_USAGE = YES_ERROR;
				CLANG_WARN_DOCUMENTATION_COMMENTS = YES;
				CLANG_WARN_EMPTY_BODY = YES;
				CLANG_WARN_ENUM_CONVERSION = YES;
				CLANG_WARN_INFINITE_RECURSION = YES;
				CLANG_WARN_INT_CONVERSION = YES;
				CLANG_WARN_NON_LITERAL_NULL_CONVERSION = YES;
				CLANG_WARN_OBJC_IMPLICIT_RETAIN_SELF = YES;
				CLANG_WARN_OBJC_LITERAL_CONVERSION = YES;
				CLANG_WARN_OBJC_ROOT_CLASS = YES_ERROR;
				CLANG_WARN_QUOTED_INCLUDE_IN_FRAMEWORK_HEADER = YES;
				CLANG_WARN_RANGE_LOOP_ANALYSIS = YES;
				CLANG_WARN_STRICT_PROTOTYPES = YES;
				CLANG_WARN_SUSPICIOUS_MOVE = YES;
				CLANG_WARN_UNGUARDED_AVAILABILITY = YES_AGGRESSIVE;
				CLANG_WARN_UNREACHABLE_CODE = YES;
				CLANG_WARN__DUPLICATE_METHOD_MATCH = YES;
				COPY_PHASE_STRIP = NO;
				DEBUG_INFORMATION_FORMAT = dwarf;
				ENABLE_STRICT_OBJC_MSGSEND = YES;
				ENABLE_TESTABILITY = YES;
				ENABLE_USER_SCRIPT_SANDBOXING = YES;
				GCC_C_LANGUAGE_STANDARD = gnu17;
				GCC_DYNAMIC_NO_PIC = NO;
				GCC_NO_COMMON_BLOCKS = YES;
				GCC_OPTIMIZATION_LEVEL = 0;
				GCC_PREPROCESSOR_DEFINITIONS = (
					"DEBUG=1",
					"$(inherited)",
				);
				GCC_WARN_64_TO_32_BIT_CONVERSION = YES;
				GCC_WARN_ABOUT_RETURN_TYPE = YES_ERROR;
				GCC_WARN_UNDECLARED_SELECTOR = YES;
				GCC_WARN_UNINITIALIZED_AUTOS = YES_AGGRESSIVE;
				GCC_WARN_UNUSED_FUNCTION = YES;
				GCC_WARN_UNUSED_VARIABLE = YES;
				LOCALIZATION_PREFERS_STRING_CATALOGS = YES;
				MACOSX_DEPLOYMENT_TARGET = 13.6;
				MTL_ENABLE_DEBUG_INFO = INCLUDE_SOURCE;
				MTL_FAST_MATH = YES;
				ONLY_ACTIVE_ARCH = YES;
				SDKROOT = macosx;
			};
			name = Debug;
		};
		482950622BB310790064174E /* Release */ = {
			isa = XCBuildConfiguration;
			buildSettings = {
				ALWAYS_SEARCH_USER_PATHS = NO;
				ASSETCATALOG_COMPILER_GENERATE_SWIFT_ASSET_SYMBOL_EXTENSIONS = YES;
				CLANG_ANALYZER_NONNULL = YES;
				CLANG_ANALYZER_NUMBER_OBJECT_CONVERSION = YES_AGGRESSIVE;
				CLANG_CXX_LANGUAGE_STANDARD = "gnu++20";
				CLANG_ENABLE_MODULES = YES;
				CLANG_ENABLE_OBJC_ARC = YES;
				CLANG_ENABLE_OBJC_WEAK = YES;
				CLANG_WARN_BLOCK_CAPTURE_AUTORELEASING = YES;
				CLANG_WARN_BOOL_CONVERSION = YES;
				CLANG_WARN_COMMA = YES;
				CLANG_WARN_CONSTANT_CONVERSION = YES;
				CLANG_WARN_DEPRECATED_OBJC_IMPLEMENTATIONS = YES;
				CLANG_WARN_DIRECT_OBJC_ISA_USAGE = YES_ERROR;
				CLANG_WARN_DOCUMENTATION_COMMENTS = YES;
				CLANG_WARN_EMPTY_BODY = YES;
				CLANG_WARN_ENUM_CONVERSION = YES;
				CLANG_WARN_INFINITE_RECURSION = YES;
				CLANG_WARN_INT_CONVERSION = YES;
				CLANG_WARN_NON_LITERAL_NULL_CONVERSION = YES;
				CLANG_WARN_OBJC_IMPLICIT_RETAIN_SELF = YES;
				CLANG_WARN_OBJC_LITERAL_CONVERSION = YES;
				CLANG_WARN_OBJC_ROOT_CLASS = YES_ERROR;
				CLANG_WARN_QUOTED_INCLUDE_IN_FRAMEWORK_HEADER = YES;
				CLANG_WARN_RANGE_LOOP_ANALYSIS = YES;
				CLANG_WARN_STRICT_PROTOTYPES = YES;
				CLANG_WARN_SUSPICIOUS_MOVE = YES;
				CLANG_WARN_UNGUARDED_AVAILABILITY = YES_AGGRESSIVE;
				CLANG_WARN_UNREACHABLE_CODE = YES;
				CLANG_WARN__DUPLICATE_METHOD_MATCH = YES;
				COPY_PHASE_STRIP = NO;
				DEBUG_INFORMATION_FORMAT = "dwarf-with-dsym";
				ENABLE_NS_ASSERTIONS = NO;
				ENABLE_STRICT_OBJC_MSGSEND = YES;
				ENABLE_USER_SCRIPT_SANDBOXING = YES;
				GCC_C_LANGUAGE_STANDARD = gnu17;
				GCC_NO_COMMON_BLOCKS = YES;
				GCC_WARN_64_TO_32_BIT_CONVERSION = YES;
				GCC_WARN_ABOUT_RETURN_TYPE = YES_ERROR;
				GCC_WARN_UNDECLARED_SELECTOR = YES;
				GCC_WARN_UNINITIALIZED_AUTOS = YES_AGGRESSIVE;
				GCC_WARN_UNUSED_FUNCTION = YES;
				GCC_WARN_UNUSED_VARIABLE = YES;
				LOCALIZATION_PREFERS_STRING_CATALOGS = YES;
				MACOSX_DEPLOYMENT_TARGET = 13.6;
				MTL_ENABLE_DEBUG_INFO = NO;
				MTL_FAST_MATH = YES;
				SDKROOT = macosx;
			};
			name = Release;
		};
		482950642BB310790064174E /* Debug */ = {
			isa = XCBuildConfiguration;
			buildSettings = {
				CODE_SIGN_STYLE = Automatic;
				PRODUCT_NAME = "$(TARGET_NAME)";
			};
			name = Debug;
		};
		482950652BB310790064174E /* Release */ = {
			isa = XCBuildConfiguration;
			buildSettings = {
				CODE_SIGN_STYLE = Automatic;
				PRODUCT_NAME = "$(TARGET_NAME)";
			};
			name = Release;
		};
/* End XCBuildConfiguration section */

/* Begin XCConfigurationList section */
		482950572BB310790064174E /* Build configuration list for PBXProject "MS3" */ = {
			isa = XCConfigurationList;
			buildConfigurations = (
				482950612BB310790064174E /* Debug */,
				482950622BB310790064174E /* Release */,
			);
			defaultConfigurationIsVisible = 0;
			defaultConfigurationName = Release;
		};
		482950632BB310790064174E /* Build configuration list for PBXNativeTarget "MS3" */ = {
			isa = XCConfigurationList;
			buildConfigurations = (
				482950642BB310790064174E /* Debug */,
				482950652BB310790064174E /* Release */,
			);
			defaultConfigurationIsVisible = 0;
			defaultConfigurationName = Release;
		};
/* End XCConfigurationList section */
	};
	rootObject = 482950542BB310790064174E /* Project object */;
}
